
Microsoft Visual Studio Solution File, Format Version 12.00
# Visual Studio Version 17
VisualStudioVersion = 17.12.35521.163
MinimumVisualStudioVersion = 10.0.40219.1
Project("{FAE04EC0-301F-11D3-BF4B-00C04F79EFBC}") = "day00", "day00\day00.csproj", "{A31B4C3D-E173-4361-A47B-021F54124438}"
EndProject
Project("{FAE04EC0-301F-11D3-BF4B-00C04F79EFBC}") = "day01", "day01\day01.csproj", "{C9AF94E2-1938-4A2E-BC80-1A4C521FF1C7}"
EndProject
Project("{FAE04EC0-301F-11D3-BF4B-00C04F79EFBC}") = "day02", "day02\day02.csproj", "{D4CA58C6-669D-4D3B-8E0F-5220BF078B3F}"
EndProject
Project("{FAE04EC0-301F-11D3-BF4B-00C04F79EFBC}") = "day03", "day03\day03.csproj", "{A85CD001-2960-4132-B0C0-1F47D9DD228A}"
EndProject
Global
	GlobalSection(SolutionConfigurationPlatforms) = preSolution
		Debug|Any CPU = Debug|Any CPU
		Release|Any CPU = Release|Any CPU
	EndGlobalSection
	GlobalSection(ProjectConfigurationPlatforms) = postSolution
		{A31B4C3D-E173-4361-A47B-021F54124438}.Debug|Any CPU.ActiveCfg = Debug|Any CPU
		{A31B4C3D-E173-4361-A47B-021F54124438}.Debug|Any CPU.Build.0 = Debug|Any CPU
		{A31B4C3D-E173-4361-A47B-021F54124438}.Release|Any CPU.ActiveCfg = Release|Any CPU
		{A31B4C3D-E173-4361-A47B-021F54124438}.Release|Any CPU.Build.0 = Release|Any CPU
		{C9AF94E2-1938-4A2E-BC80-1A4C521FF1C7}.Debug|Any CPU.ActiveCfg = Debug|Any CPU
		{C9AF94E2-1938-4A2E-BC80-1A4C521FF1C7}.Debug|Any CPU.Build.0 = Debug|Any CPU
		{C9AF94E2-1938-4A2E-BC80-1A4C521FF1C7}.Release|Any CPU.ActiveCfg = Release|Any CPU
		{C9AF94E2-1938-4A2E-BC80-1A4C521FF1C7}.Release|Any CPU.Build.0 = Release|Any CPU
		{D4CA58C6-669D-4D3B-8E0F-5220BF078B3F}.Debug|Any CPU.ActiveCfg = Debug|Any CPU
		{D4CA58C6-669D-4D3B-8E0F-5220BF078B3F}.Debug|Any CPU.Build.0 = Debug|Any CPU
		{D4CA58C6-669D-4D3B-8E0F-5220BF078B3F}.Release|Any CPU.ActiveCfg = Release|Any CPU
		{D4CA58C6-669D-4D3B-8E0F-5220BF078B3F}.Release|Any CPU.Build.0 = Release|Any CPU
		{A85CD001-2960-4132-B0C0-1F47D9DD228A}.Debug|Any CPU.ActiveCfg = Debug|Any CPU
		{A85CD001-2960-4132-B0C0-1F47D9DD228A}.Debug|Any CPU.Build.0 = Debug|Any CPU
		{A85CD001-2960-4132-B0C0-1F47D9DD228A}.Release|Any CPU.ActiveCfg = Release|Any CPU
		{A85CD001-2960-4132-B0C0-1F47D9DD228A}.Release|Any CPU.Build.0 = Release|Any CPU
	EndGlobalSection
	GlobalSection(SolutionProperties) = preSolution
		HideSolutionNode = FALSE
	EndGlobalSection
EndGlobal
